
Microsoft Visual Studio Solution File, Format Version 12.00
# Visual Studio Version 16
VisualStudioVersion = 16.0.30611.23
MinimumVisualStudioVersion = 10.0.40219.1
Project("{9A19103F-16F7-4668-BE54-9A1E7A4F7556}") = "1.TwoSumNumber", "1.TwoSumNumber\1.TwoSumNumber.csproj", "{C9D21293-0A1D-4CFD-BC49-5906307F9579}"
EndProject
Project("{9A19103F-16F7-4668-BE54-9A1E7A4F7556}") = "2.Validate_Subsequence", "2.Validate_Subsequence\2.Validate_Subsequence.csproj", "{BD9D44F8-4B34-4CE4-B9BB-0F1E9D46116B}"
EndProject
Project("{9A19103F-16F7-4668-BE54-9A1E7A4F7556}") = "3.FindClosestValueInBinarySearchTree", "3.FindClosestValueInBinarySearchTree\3.FindClosestValueInBinarySearchTree.csproj", "{5E5A6249-A045-4599-8C73-9094827F3C3F}"
EndProject
Project("{9A19103F-16F7-4668-BE54-9A1E7A4F7556}") = "4.BranchSums", "4.BranchSums\4.BranchSums.csproj", "{FA65ACDB-094E-4F83-A7CA-23E147705A1D}"
EndProject
Project("{9A19103F-16F7-4668-BE54-9A1E7A4F7556}") = "BinaryTreeHelper", "BinaryTreeHelper\BinaryTreeHelper.csproj", "{74F0D7C3-D6CC-4C20-8695-9C2BED90052A}"
EndProject
Project("{9A19103F-16F7-4668-BE54-9A1E7A4F7556}") = "5.NodeDepths", "5.NodeDepths\5.NodeDepths.csproj", "{4EFA5D9E-1B33-48C1-9FFA-47067C4C6FD8}"
EndProject
Project("{9A19103F-16F7-4668-BE54-9A1E7A4F7556}") = "6.DepthFirstSearch", "6.DepthFirstSearch\6.DepthFirstSearch.csproj", "{33F3F0E1-0002-427F-9202-83AC73541827}"
EndProject
Project("{FAE04EC0-301F-11D3-BF4B-00C04F79EFBC}") = "7.NthFibonacci", "7.NthFibonacci\7.NthFibonacci.csproj", "{4CD38C0C-E4FC-4D26-BCD1-7689FF4CB477}"
EndProject
Global
	GlobalSection(SolutionConfigurationPlatforms) = preSolution
		Debug|Any CPU = Debug|Any CPU
		Release|Any CPU = Release|Any CPU
	EndGlobalSection
	GlobalSection(ProjectConfigurationPlatforms) = postSolution
		{C9D21293-0A1D-4CFD-BC49-5906307F9579}.Debug|Any CPU.ActiveCfg = Debug|Any CPU
		{C9D21293-0A1D-4CFD-BC49-5906307F9579}.Debug|Any CPU.Build.0 = Debug|Any CPU
		{C9D21293-0A1D-4CFD-BC49-5906307F9579}.Release|Any CPU.ActiveCfg = Release|Any CPU
		{C9D21293-0A1D-4CFD-BC49-5906307F9579}.Release|Any CPU.Build.0 = Release|Any CPU
		{BD9D44F8-4B34-4CE4-B9BB-0F1E9D46116B}.Debug|Any CPU.ActiveCfg = Debug|Any CPU
		{BD9D44F8-4B34-4CE4-B9BB-0F1E9D46116B}.Debug|Any CPU.Build.0 = Debug|Any CPU
		{BD9D44F8-4B34-4CE4-B9BB-0F1E9D46116B}.Release|Any CPU.ActiveCfg = Release|Any CPU
		{BD9D44F8-4B34-4CE4-B9BB-0F1E9D46116B}.Release|Any CPU.Build.0 = Release|Any CPU
		{5E5A6249-A045-4599-8C73-9094827F3C3F}.Debug|Any CPU.ActiveCfg = Debug|Any CPU
		{5E5A6249-A045-4599-8C73-9094827F3C3F}.Debug|Any CPU.Build.0 = Debug|Any CPU
		{5E5A6249-A045-4599-8C73-9094827F3C3F}.Release|Any CPU.ActiveCfg = Release|Any CPU
		{5E5A6249-A045-4599-8C73-9094827F3C3F}.Release|Any CPU.Build.0 = Release|Any CPU
		{FA65ACDB-094E-4F83-A7CA-23E147705A1D}.Debug|Any CPU.ActiveCfg = Debug|Any CPU
		{FA65ACDB-094E-4F83-A7CA-23E147705A1D}.Debug|Any CPU.Build.0 = Debug|Any CPU
		{FA65ACDB-094E-4F83-A7CA-23E147705A1D}.Release|Any CPU.ActiveCfg = Release|Any CPU
		{FA65ACDB-094E-4F83-A7CA-23E147705A1D}.Release|Any CPU.Build.0 = Release|Any CPU
		{74F0D7C3-D6CC-4C20-8695-9C2BED90052A}.Debug|Any CPU.ActiveCfg = Debug|Any CPU
		{74F0D7C3-D6CC-4C20-8695-9C2BED90052A}.Debug|Any CPU.Build.0 = Debug|Any CPU
		{74F0D7C3-D6CC-4C20-8695-9C2BED90052A}.Release|Any CPU.ActiveCfg = Release|Any CPU
		{74F0D7C3-D6CC-4C20-8695-9C2BED90052A}.Release|Any CPU.Build.0 = Release|Any CPU
		{4EFA5D9E-1B33-48C1-9FFA-47067C4C6FD8}.Debug|Any CPU.ActiveCfg = Debug|Any CPU
		{4EFA5D9E-1B33-48C1-9FFA-47067C4C6FD8}.Debug|Any CPU.Build.0 = Debug|Any CPU
		{4EFA5D9E-1B33-48C1-9FFA-47067C4C6FD8}.Release|Any CPU.ActiveCfg = Release|Any CPU
		{4EFA5D9E-1B33-48C1-9FFA-47067C4C6FD8}.Release|Any CPU.Build.0 = Release|Any CPU
		{33F3F0E1-0002-427F-9202-83AC73541827}.Debug|Any CPU.ActiveCfg = Debug|Any CPU
		{33F3F0E1-0002-427F-9202-83AC73541827}.Debug|Any CPU.Build.0 = Debug|Any CPU
		{33F3F0E1-0002-427F-9202-83AC73541827}.Release|Any CPU.ActiveCfg = Release|Any CPU
		{33F3F0E1-0002-427F-9202-83AC73541827}.Release|Any CPU.Build.0 = Release|Any CPU
		{4CD38C0C-E4FC-4D26-BCD1-7689FF4CB477}.Debug|Any CPU.ActiveCfg = Debug|Any CPU
		{4CD38C0C-E4FC-4D26-BCD1-7689FF4CB477}.Debug|Any CPU.Build.0 = Debug|Any CPU
		{4CD38C0C-E4FC-4D26-BCD1-7689FF4CB477}.Release|Any CPU.ActiveCfg = Release|Any CPU
		{4CD38C0C-E4FC-4D26-BCD1-7689FF4CB477}.Release|Any CPU.Build.0 = Release|Any CPU
	EndGlobalSection
	GlobalSection(SolutionProperties) = preSolution
		HideSolutionNode = FALSE
	EndGlobalSection
	GlobalSection(ExtensibilityGlobals) = postSolution
		SolutionGuid = {7B13EB19-8942-4307-B99B-E6183651F0AB}
	EndGlobalSection
EndGlobal
