
Microsoft Visual Studio Solution File, Format Version 12.00
# Visual Studio Version 16
VisualStudioVersion = 16.0.30611.23
MinimumVisualStudioVersion = 10.0.40219.1
Project("{9A19103F-16F7-4668-BE54-9A1E7A4F7556}") = "1.TwoSumNumber", "1.TwoSumNumber\1.TwoSumNumber.csproj", "{C9D21293-0A1D-4CFD-BC49-5906307F9579}"
EndProject
Project("{9A19103F-16F7-4668-BE54-9A1E7A4F7556}") = "2.Validate_Subsequence", "2.Validate_Subsequence\2.Validate_Subsequence.csproj", "{BD9D44F8-4B34-4CE4-B9BB-0F1E9D46116B}"
EndProject
Project("{9A19103F-16F7-4668-BE54-9A1E7A4F7556}") = "3.FindClosestValueInBinarySearchTree", "3.FindClosestValueInBinarySearchTree\3.FindClosestValueInBinarySearchTree.csproj", "{5E5A6249-A045-4599-8C73-9094827F3C3F}"
EndProject
Project("{9A19103F-16F7-4668-BE54-9A1E7A4F7556}") = "4.BranchSums", "4.BranchSums\4.BranchSums.csproj", "{FA65ACDB-094E-4F83-A7CA-23E147705A1D}"
EndProject
Project("{9A19103F-16F7-4668-BE54-9A1E7A4F7556}") = "BinaryTreeHelper", "BinaryTreeHelper\BinaryTreeHelper.csproj", "{74F0D7C3-D6CC-4C20-8695-9C2BED90052A}"
EndProject
Project("{9A19103F-16F7-4668-BE54-9A1E7A4F7556}") = "5.NodeDepths", "5.NodeDepths\5.NodeDepths.csproj", "{4EFA5D9E-1B33-48C1-9FFA-47067C4C6FD8}"
EndProject
Project("{9A19103F-16F7-4668-BE54-9A1E7A4F7556}") = "6.DepthFirstSearch", "6.DepthFirstSearch\6.DepthFirstSearch.csproj", "{33F3F0E1-0002-427F-9202-83AC73541827}"
EndProject
Project("{9A19103F-16F7-4668-BE54-9A1E7A4F7556}") = "7.NthFibonacci", "7.NthFibonacci\7.NthFibonacci.csproj", "{4CD38C0C-E4FC-4D26-BCD1-7689FF4CB477}"
EndProject
Project("{9A19103F-16F7-4668-BE54-9A1E7A4F7556}") = "8.ProductSum", "8.ProductSum\8.ProductSum.csproj", "{E6E56300-3DC0-406D-B3C2-425A139ACF16}"
EndProject
Project("{9A19103F-16F7-4668-BE54-9A1E7A4F7556}") = "9.BinarySearch", "9.BinarySearch\9.BinarySearch.csproj", "{9C21FEA8-D274-4538-9B76-073B6C2A2B83}"
EndProject
Project("{9A19103F-16F7-4668-BE54-9A1E7A4F7556}") = "10.FindThreeLargestNumbers", "10.FindThreeLargestNumbers\10.FindThreeLargestNumbers.csproj", "{2DF23ABD-F847-4CC4-BAD0-29250E1BB94B}"
EndProject
Project("{9A19103F-16F7-4668-BE54-9A1E7A4F7556}") = "11.BubbleSort", "11.BubbleSort\11.BubbleSort.csproj", "{80F3B502-6064-47C8-BF2F-E4AEAC2F6640}"
EndProject
Project("{9A19103F-16F7-4668-BE54-9A1E7A4F7556}") = "12.InsertionSort", "12.InsertionSort\12.InsertionSort.csproj", "{3AF5C8EF-4FB0-4D73-8A97-D19BA44CF447}"
EndProject
Project("{9A19103F-16F7-4668-BE54-9A1E7A4F7556}") = "13.SelectionSort", "13.SelectionSort\13.SelectionSort.csproj", "{F2F8221F-3FDA-4D88-9C13-2908516F523C}"
EndProject
Project("{9A19103F-16F7-4668-BE54-9A1E7A4F7556}") = "14.PalindromeCheck", "14.PalindromeCheck\14.PalindromeCheck.csproj", "{77B9B188-0389-4FC5-9B65-01992014F41E}"
EndProject
Project("{9A19103F-16F7-4668-BE54-9A1E7A4F7556}") = "15.CeasarCypherEncryptor", "15.CeasarCypherEncryptor\15.CeasarCypherEncryptor.csproj", "{587C0737-5FFE-408D-9F00-4F8F88A51237}"
EndProject
Project("{9A19103F-16F7-4668-BE54-9A1E7A4F7556}") = "16.RunLengthEncoding", "16.RunLengthEncoding\16.RunLengthEncoding.csproj", "{0DF7A763-DC7B-40C4-99C0-82CB4E5A034F}"
EndProject
Project("{9A19103F-16F7-4668-BE54-9A1E7A4F7556}") = "17.ThreeNumberSum", "17.ThreeNumberSum\17.ThreeNumberSum.csproj", "{574E1F04-66E9-46F8-B539-9678F4448F86}"
EndProject
Project("{9A19103F-16F7-4668-BE54-9A1E7A4F7556}") = "18.SmallestDifference", "18.SmallestDifference\18.SmallestDifference.csproj", "{A6D95250-F611-4D33-A332-6EEC00F9B85A}"
EndProject
Project("{9A19103F-16F7-4668-BE54-9A1E7A4F7556}") = "19.MoveElementToEnd", "19.MoveElementToEnd\19.MoveElementToEnd.csproj", "{57C37AF3-F466-4B55-9D86-D1BAE275D953}"
EndProject
Project("{9A19103F-16F7-4668-BE54-9A1E7A4F7556}") = "20.MonotonicArray", "20.MonotonicArray\20.MonotonicArray.csproj", "{DB426ACB-CCEF-40CD-B995-9E48C69A03F1}"
EndProject
Project("{9A19103F-16F7-4668-BE54-9A1E7A4F7556}") = "21.SpiralTraverse", "21.SpiralTraverse\21.SpiralTraverse.csproj", "{3D05F658-28AA-4CB5-B5EC-E805014362CE}"
EndProject
Project("{9A19103F-16F7-4668-BE54-9A1E7A4F7556}") = "22.LongestPeak", "22.LongestPeak\22.LongestPeak.csproj", "{5DBEC9AC-E38B-4AFB-BF83-A6D3B35DCC20}"
EndProject
Project("{9A19103F-16F7-4668-BE54-9A1E7A4F7556}") = "23.ArrayOfProducts", "23.ArrayOfProducts\23.ArrayOfProducts.csproj", "{4236F1A7-BAA0-4178-A7C4-7A4C157CA2F6}"
EndProject
Project("{9A19103F-16F7-4668-BE54-9A1E7A4F7556}") = "24.BinarySearchTreeConstruction", "24.BinarySearchTreeConstruction\24.BinarySearchTreeConstruction.csproj", "{047FB5F6-A3C0-4356-B973-30EB0BE36545}"
EndProject
Project("{9A19103F-16F7-4668-BE54-9A1E7A4F7556}") = "25.ValidateBinarySearchTree", "25.ValidateBinarySearchTree\25.ValidateBinarySearchTree.csproj", "{22E281DD-06FB-4600-981C-C1578EE6E5F8}"
EndProject
Project("{9A19103F-16F7-4668-BE54-9A1E7A4F7556}") = "26.BSTTraversal", "26.BSTTraversal\26.BSTTraversal.csproj", "{87F380DB-93DA-4AD9-AE8B-9FE2ADD0475B}"
EndProject
Project("{9A19103F-16F7-4668-BE54-9A1E7A4F7556}") = "27.MinHeightBST", "27.MinHeightBST\27.MinHeightBST.csproj", "{EBBA512F-2EA3-4FFC-9DF1-3514B3FF23B5}"
EndProject
Project("{9A19103F-16F7-4668-BE54-9A1E7A4F7556}") = "28.InvertBinaryTree", "28.InvertBinaryTree\28.InvertBinaryTree.csproj", "{5F4D08D1-79A7-4B77-955E-AD1A7B5DEA03}"
EndProject
Project("{9A19103F-16F7-4668-BE54-9A1E7A4F7556}") = "29.MaxSubsetSumNoAdjacent", "29.MaxSubsetSumNoAdjacent\29.MaxSubsetSumNoAdjacent.csproj", "{703FC2FD-9A52-4F02-A3F5-6AAA3C3B2757}"
EndProject
Project("{9A19103F-16F7-4668-BE54-9A1E7A4F7556}") = "30.BinaryTreeDiameter", "30.BinaryTreeDiameter\30.BinaryTreeDiameter.csproj", "{55E855D5-DE6E-4EC6-BCC4-1DAA84BFC067}"
EndProject
Project("{9A19103F-16F7-4668-BE54-9A1E7A4F7556}") = "31.NumberOfWaysToMakeChange", "31.NumberOfWaysToMakeChange\31.NumberOfWaysToMakeChange.csproj", "{00A69BAD-2DAF-44FE-86C0-F6E74CC91E14}"
EndProject
Project("{9A19103F-16F7-4668-BE54-9A1E7A4F7556}") = "32.LevenshteinDistance", "32.LevenshteinDistance\32.LevenshteinDistance.csproj", "{5A9361BB-9697-4CB4-B566-DCDF0395CE22}"
EndProject
Project("{9A19103F-16F7-4668-BE54-9A1E7A4F7556}") = "33.MinNumberOfCoinsForChange", "33.MinNumberOfCoinsForChange\33.MinNumberOfCoinsForChange.csproj", "{2E70ADE5-BECD-46EF-A8DE-D89A15D2257C}"
EndProject
Project("{9A19103F-16F7-4668-BE54-9A1E7A4F7556}") = "34.KadanesAlgorithm", "34.KadanesAlgorithm\34.KadanesAlgorithm.csproj", "{8A0AA598-3734-488C-8DD6-DC86B98EEDCB}"
EndProject
Project("{9A19103F-16F7-4668-BE54-9A1E7A4F7556}") = "35.SingleCycleCheck", "35.SingleCycleCheck\35.SingleCycleCheck.csproj", "{89800F81-0D9B-49E4-B064-272F8F693A89}"
EndProject
Project("{9A19103F-16F7-4668-BE54-9A1E7A4F7556}") = "36.BreadthFirstSearch", "36.BreadthFirstSearch\36.BreadthFirstSearch.csproj", "{DE764A17-A87D-4762-AC66-71944B710FC1}"
EndProject
Project("{9A19103F-16F7-4668-BE54-9A1E7A4F7556}") = "37. RiverSizes", "37. RiverSizes\37. RiverSizes.csproj", "{FE0D776C-C71D-459E-B5E6-69A7A3B31008}"
EndProject
Project("{9A19103F-16F7-4668-BE54-9A1E7A4F7556}") = "38.YoungestCommonAncestor", "38.YoungestCommonAncestor\38.YoungestCommonAncestor.csproj", "{38A61757-FFAA-4DD7-840B-3084B28893F5}"
EndProject
Project("{FAE04EC0-301F-11D3-BF4B-00C04F79EFBC}") = "39.MinHeapConstruction", "39.MinHeapConstruction\39.MinHeapConstruction.csproj", "{830CA6BF-F305-4C66-9E78-17DBDF5C12A5}"
EndProject
Global
	GlobalSection(SolutionConfigurationPlatforms) = preSolution
		Debug|Any CPU = Debug|Any CPU
		Release|Any CPU = Release|Any CPU
	EndGlobalSection
	GlobalSection(ProjectConfigurationPlatforms) = postSolution
		{C9D21293-0A1D-4CFD-BC49-5906307F9579}.Debug|Any CPU.ActiveCfg = Debug|Any CPU
		{C9D21293-0A1D-4CFD-BC49-5906307F9579}.Debug|Any CPU.Build.0 = Debug|Any CPU
		{C9D21293-0A1D-4CFD-BC49-5906307F9579}.Release|Any CPU.ActiveCfg = Release|Any CPU
		{C9D21293-0A1D-4CFD-BC49-5906307F9579}.Release|Any CPU.Build.0 = Release|Any CPU
		{BD9D44F8-4B34-4CE4-B9BB-0F1E9D46116B}.Debug|Any CPU.ActiveCfg = Debug|Any CPU
		{BD9D44F8-4B34-4CE4-B9BB-0F1E9D46116B}.Debug|Any CPU.Build.0 = Debug|Any CPU
		{BD9D44F8-4B34-4CE4-B9BB-0F1E9D46116B}.Release|Any CPU.ActiveCfg = Release|Any CPU
		{BD9D44F8-4B34-4CE4-B9BB-0F1E9D46116B}.Release|Any CPU.Build.0 = Release|Any CPU
		{5E5A6249-A045-4599-8C73-9094827F3C3F}.Debug|Any CPU.ActiveCfg = Debug|Any CPU
		{5E5A6249-A045-4599-8C73-9094827F3C3F}.Debug|Any CPU.Build.0 = Debug|Any CPU
		{5E5A6249-A045-4599-8C73-9094827F3C3F}.Release|Any CPU.ActiveCfg = Release|Any CPU
		{5E5A6249-A045-4599-8C73-9094827F3C3F}.Release|Any CPU.Build.0 = Release|Any CPU
		{FA65ACDB-094E-4F83-A7CA-23E147705A1D}.Debug|Any CPU.ActiveCfg = Debug|Any CPU
		{FA65ACDB-094E-4F83-A7CA-23E147705A1D}.Debug|Any CPU.Build.0 = Debug|Any CPU
		{FA65ACDB-094E-4F83-A7CA-23E147705A1D}.Release|Any CPU.ActiveCfg = Release|Any CPU
		{FA65ACDB-094E-4F83-A7CA-23E147705A1D}.Release|Any CPU.Build.0 = Release|Any CPU
		{74F0D7C3-D6CC-4C20-8695-9C2BED90052A}.Debug|Any CPU.ActiveCfg = Debug|Any CPU
		{74F0D7C3-D6CC-4C20-8695-9C2BED90052A}.Debug|Any CPU.Build.0 = Debug|Any CPU
		{74F0D7C3-D6CC-4C20-8695-9C2BED90052A}.Release|Any CPU.ActiveCfg = Release|Any CPU
		{74F0D7C3-D6CC-4C20-8695-9C2BED90052A}.Release|Any CPU.Build.0 = Release|Any CPU
		{4EFA5D9E-1B33-48C1-9FFA-47067C4C6FD8}.Debug|Any CPU.ActiveCfg = Debug|Any CPU
		{4EFA5D9E-1B33-48C1-9FFA-47067C4C6FD8}.Debug|Any CPU.Build.0 = Debug|Any CPU
		{4EFA5D9E-1B33-48C1-9FFA-47067C4C6FD8}.Release|Any CPU.ActiveCfg = Release|Any CPU
		{4EFA5D9E-1B33-48C1-9FFA-47067C4C6FD8}.Release|Any CPU.Build.0 = Release|Any CPU
		{33F3F0E1-0002-427F-9202-83AC73541827}.Debug|Any CPU.ActiveCfg = Debug|Any CPU
		{33F3F0E1-0002-427F-9202-83AC73541827}.Debug|Any CPU.Build.0 = Debug|Any CPU
		{33F3F0E1-0002-427F-9202-83AC73541827}.Release|Any CPU.ActiveCfg = Release|Any CPU
		{33F3F0E1-0002-427F-9202-83AC73541827}.Release|Any CPU.Build.0 = Release|Any CPU
		{4CD38C0C-E4FC-4D26-BCD1-7689FF4CB477}.Debug|Any CPU.ActiveCfg = Debug|Any CPU
		{4CD38C0C-E4FC-4D26-BCD1-7689FF4CB477}.Debug|Any CPU.Build.0 = Debug|Any CPU
		{4CD38C0C-E4FC-4D26-BCD1-7689FF4CB477}.Release|Any CPU.ActiveCfg = Release|Any CPU
		{4CD38C0C-E4FC-4D26-BCD1-7689FF4CB477}.Release|Any CPU.Build.0 = Release|Any CPU
		{E6E56300-3DC0-406D-B3C2-425A139ACF16}.Debug|Any CPU.ActiveCfg = Debug|Any CPU
		{E6E56300-3DC0-406D-B3C2-425A139ACF16}.Debug|Any CPU.Build.0 = Debug|Any CPU
		{E6E56300-3DC0-406D-B3C2-425A139ACF16}.Release|Any CPU.ActiveCfg = Release|Any CPU
		{E6E56300-3DC0-406D-B3C2-425A139ACF16}.Release|Any CPU.Build.0 = Release|Any CPU
		{9C21FEA8-D274-4538-9B76-073B6C2A2B83}.Debug|Any CPU.ActiveCfg = Debug|Any CPU
		{9C21FEA8-D274-4538-9B76-073B6C2A2B83}.Debug|Any CPU.Build.0 = Debug|Any CPU
		{9C21FEA8-D274-4538-9B76-073B6C2A2B83}.Release|Any CPU.ActiveCfg = Release|Any CPU
		{9C21FEA8-D274-4538-9B76-073B6C2A2B83}.Release|Any CPU.Build.0 = Release|Any CPU
		{2DF23ABD-F847-4CC4-BAD0-29250E1BB94B}.Debug|Any CPU.ActiveCfg = Debug|Any CPU
		{2DF23ABD-F847-4CC4-BAD0-29250E1BB94B}.Debug|Any CPU.Build.0 = Debug|Any CPU
		{2DF23ABD-F847-4CC4-BAD0-29250E1BB94B}.Release|Any CPU.ActiveCfg = Release|Any CPU
		{2DF23ABD-F847-4CC4-BAD0-29250E1BB94B}.Release|Any CPU.Build.0 = Release|Any CPU
		{80F3B502-6064-47C8-BF2F-E4AEAC2F6640}.Debug|Any CPU.ActiveCfg = Debug|Any CPU
		{80F3B502-6064-47C8-BF2F-E4AEAC2F6640}.Debug|Any CPU.Build.0 = Debug|Any CPU
		{80F3B502-6064-47C8-BF2F-E4AEAC2F6640}.Release|Any CPU.ActiveCfg = Release|Any CPU
		{80F3B502-6064-47C8-BF2F-E4AEAC2F6640}.Release|Any CPU.Build.0 = Release|Any CPU
		{3AF5C8EF-4FB0-4D73-8A97-D19BA44CF447}.Debug|Any CPU.ActiveCfg = Debug|Any CPU
		{3AF5C8EF-4FB0-4D73-8A97-D19BA44CF447}.Debug|Any CPU.Build.0 = Debug|Any CPU
		{3AF5C8EF-4FB0-4D73-8A97-D19BA44CF447}.Release|Any CPU.ActiveCfg = Release|Any CPU
		{3AF5C8EF-4FB0-4D73-8A97-D19BA44CF447}.Release|Any CPU.Build.0 = Release|Any CPU
		{F2F8221F-3FDA-4D88-9C13-2908516F523C}.Debug|Any CPU.ActiveCfg = Debug|Any CPU
		{F2F8221F-3FDA-4D88-9C13-2908516F523C}.Debug|Any CPU.Build.0 = Debug|Any CPU
		{F2F8221F-3FDA-4D88-9C13-2908516F523C}.Release|Any CPU.ActiveCfg = Release|Any CPU
		{F2F8221F-3FDA-4D88-9C13-2908516F523C}.Release|Any CPU.Build.0 = Release|Any CPU
		{77B9B188-0389-4FC5-9B65-01992014F41E}.Debug|Any CPU.ActiveCfg = Debug|Any CPU
		{77B9B188-0389-4FC5-9B65-01992014F41E}.Debug|Any CPU.Build.0 = Debug|Any CPU
		{77B9B188-0389-4FC5-9B65-01992014F41E}.Release|Any CPU.ActiveCfg = Release|Any CPU
		{77B9B188-0389-4FC5-9B65-01992014F41E}.Release|Any CPU.Build.0 = Release|Any CPU
		{587C0737-5FFE-408D-9F00-4F8F88A51237}.Debug|Any CPU.ActiveCfg = Debug|Any CPU
		{587C0737-5FFE-408D-9F00-4F8F88A51237}.Debug|Any CPU.Build.0 = Debug|Any CPU
		{587C0737-5FFE-408D-9F00-4F8F88A51237}.Release|Any CPU.ActiveCfg = Release|Any CPU
		{587C0737-5FFE-408D-9F00-4F8F88A51237}.Release|Any CPU.Build.0 = Release|Any CPU
		{0DF7A763-DC7B-40C4-99C0-82CB4E5A034F}.Debug|Any CPU.ActiveCfg = Debug|Any CPU
		{0DF7A763-DC7B-40C4-99C0-82CB4E5A034F}.Debug|Any CPU.Build.0 = Debug|Any CPU
		{0DF7A763-DC7B-40C4-99C0-82CB4E5A034F}.Release|Any CPU.ActiveCfg = Release|Any CPU
		{0DF7A763-DC7B-40C4-99C0-82CB4E5A034F}.Release|Any CPU.Build.0 = Release|Any CPU
		{574E1F04-66E9-46F8-B539-9678F4448F86}.Debug|Any CPU.ActiveCfg = Debug|Any CPU
		{574E1F04-66E9-46F8-B539-9678F4448F86}.Debug|Any CPU.Build.0 = Debug|Any CPU
		{574E1F04-66E9-46F8-B539-9678F4448F86}.Release|Any CPU.ActiveCfg = Release|Any CPU
		{574E1F04-66E9-46F8-B539-9678F4448F86}.Release|Any CPU.Build.0 = Release|Any CPU
		{A6D95250-F611-4D33-A332-6EEC00F9B85A}.Debug|Any CPU.ActiveCfg = Debug|Any CPU
		{A6D95250-F611-4D33-A332-6EEC00F9B85A}.Debug|Any CPU.Build.0 = Debug|Any CPU
		{A6D95250-F611-4D33-A332-6EEC00F9B85A}.Release|Any CPU.ActiveCfg = Release|Any CPU
		{A6D95250-F611-4D33-A332-6EEC00F9B85A}.Release|Any CPU.Build.0 = Release|Any CPU
		{57C37AF3-F466-4B55-9D86-D1BAE275D953}.Debug|Any CPU.ActiveCfg = Debug|Any CPU
		{57C37AF3-F466-4B55-9D86-D1BAE275D953}.Debug|Any CPU.Build.0 = Debug|Any CPU
		{57C37AF3-F466-4B55-9D86-D1BAE275D953}.Release|Any CPU.ActiveCfg = Release|Any CPU
		{57C37AF3-F466-4B55-9D86-D1BAE275D953}.Release|Any CPU.Build.0 = Release|Any CPU
		{DB426ACB-CCEF-40CD-B995-9E48C69A03F1}.Debug|Any CPU.ActiveCfg = Debug|Any CPU
		{DB426ACB-CCEF-40CD-B995-9E48C69A03F1}.Debug|Any CPU.Build.0 = Debug|Any CPU
		{DB426ACB-CCEF-40CD-B995-9E48C69A03F1}.Release|Any CPU.ActiveCfg = Release|Any CPU
		{DB426ACB-CCEF-40CD-B995-9E48C69A03F1}.Release|Any CPU.Build.0 = Release|Any CPU
		{3D05F658-28AA-4CB5-B5EC-E805014362CE}.Debug|Any CPU.ActiveCfg = Debug|Any CPU
		{3D05F658-28AA-4CB5-B5EC-E805014362CE}.Debug|Any CPU.Build.0 = Debug|Any CPU
		{3D05F658-28AA-4CB5-B5EC-E805014362CE}.Release|Any CPU.ActiveCfg = Release|Any CPU
		{3D05F658-28AA-4CB5-B5EC-E805014362CE}.Release|Any CPU.Build.0 = Release|Any CPU
		{5DBEC9AC-E38B-4AFB-BF83-A6D3B35DCC20}.Debug|Any CPU.ActiveCfg = Debug|Any CPU
		{5DBEC9AC-E38B-4AFB-BF83-A6D3B35DCC20}.Debug|Any CPU.Build.0 = Debug|Any CPU
		{5DBEC9AC-E38B-4AFB-BF83-A6D3B35DCC20}.Release|Any CPU.ActiveCfg = Release|Any CPU
		{5DBEC9AC-E38B-4AFB-BF83-A6D3B35DCC20}.Release|Any CPU.Build.0 = Release|Any CPU
		{4236F1A7-BAA0-4178-A7C4-7A4C157CA2F6}.Debug|Any CPU.ActiveCfg = Debug|Any CPU
		{4236F1A7-BAA0-4178-A7C4-7A4C157CA2F6}.Debug|Any CPU.Build.0 = Debug|Any CPU
		{4236F1A7-BAA0-4178-A7C4-7A4C157CA2F6}.Release|Any CPU.ActiveCfg = Release|Any CPU
		{4236F1A7-BAA0-4178-A7C4-7A4C157CA2F6}.Release|Any CPU.Build.0 = Release|Any CPU
		{047FB5F6-A3C0-4356-B973-30EB0BE36545}.Debug|Any CPU.ActiveCfg = Debug|Any CPU
		{047FB5F6-A3C0-4356-B973-30EB0BE36545}.Debug|Any CPU.Build.0 = Debug|Any CPU
		{047FB5F6-A3C0-4356-B973-30EB0BE36545}.Release|Any CPU.ActiveCfg = Release|Any CPU
		{047FB5F6-A3C0-4356-B973-30EB0BE36545}.Release|Any CPU.Build.0 = Release|Any CPU
		{22E281DD-06FB-4600-981C-C1578EE6E5F8}.Debug|Any CPU.ActiveCfg = Debug|Any CPU
		{22E281DD-06FB-4600-981C-C1578EE6E5F8}.Debug|Any CPU.Build.0 = Debug|Any CPU
		{22E281DD-06FB-4600-981C-C1578EE6E5F8}.Release|Any CPU.ActiveCfg = Release|Any CPU
		{22E281DD-06FB-4600-981C-C1578EE6E5F8}.Release|Any CPU.Build.0 = Release|Any CPU
		{87F380DB-93DA-4AD9-AE8B-9FE2ADD0475B}.Debug|Any CPU.ActiveCfg = Debug|Any CPU
		{87F380DB-93DA-4AD9-AE8B-9FE2ADD0475B}.Debug|Any CPU.Build.0 = Debug|Any CPU
		{87F380DB-93DA-4AD9-AE8B-9FE2ADD0475B}.Release|Any CPU.ActiveCfg = Release|Any CPU
		{87F380DB-93DA-4AD9-AE8B-9FE2ADD0475B}.Release|Any CPU.Build.0 = Release|Any CPU
		{EBBA512F-2EA3-4FFC-9DF1-3514B3FF23B5}.Debug|Any CPU.ActiveCfg = Debug|Any CPU
		{EBBA512F-2EA3-4FFC-9DF1-3514B3FF23B5}.Debug|Any CPU.Build.0 = Debug|Any CPU
		{EBBA512F-2EA3-4FFC-9DF1-3514B3FF23B5}.Release|Any CPU.ActiveCfg = Release|Any CPU
		{EBBA512F-2EA3-4FFC-9DF1-3514B3FF23B5}.Release|Any CPU.Build.0 = Release|Any CPU
		{5F4D08D1-79A7-4B77-955E-AD1A7B5DEA03}.Debug|Any CPU.ActiveCfg = Debug|Any CPU
		{5F4D08D1-79A7-4B77-955E-AD1A7B5DEA03}.Debug|Any CPU.Build.0 = Debug|Any CPU
		{5F4D08D1-79A7-4B77-955E-AD1A7B5DEA03}.Release|Any CPU.ActiveCfg = Release|Any CPU
		{5F4D08D1-79A7-4B77-955E-AD1A7B5DEA03}.Release|Any CPU.Build.0 = Release|Any CPU
		{703FC2FD-9A52-4F02-A3F5-6AAA3C3B2757}.Debug|Any CPU.ActiveCfg = Debug|Any CPU
		{703FC2FD-9A52-4F02-A3F5-6AAA3C3B2757}.Debug|Any CPU.Build.0 = Debug|Any CPU
		{703FC2FD-9A52-4F02-A3F5-6AAA3C3B2757}.Release|Any CPU.ActiveCfg = Release|Any CPU
		{703FC2FD-9A52-4F02-A3F5-6AAA3C3B2757}.Release|Any CPU.Build.0 = Release|Any CPU
		{55E855D5-DE6E-4EC6-BCC4-1DAA84BFC067}.Debug|Any CPU.ActiveCfg = Debug|Any CPU
		{55E855D5-DE6E-4EC6-BCC4-1DAA84BFC067}.Debug|Any CPU.Build.0 = Debug|Any CPU
		{55E855D5-DE6E-4EC6-BCC4-1DAA84BFC067}.Release|Any CPU.ActiveCfg = Release|Any CPU
		{55E855D5-DE6E-4EC6-BCC4-1DAA84BFC067}.Release|Any CPU.Build.0 = Release|Any CPU
		{00A69BAD-2DAF-44FE-86C0-F6E74CC91E14}.Debug|Any CPU.ActiveCfg = Debug|Any CPU
		{00A69BAD-2DAF-44FE-86C0-F6E74CC91E14}.Debug|Any CPU.Build.0 = Debug|Any CPU
		{00A69BAD-2DAF-44FE-86C0-F6E74CC91E14}.Release|Any CPU.ActiveCfg = Release|Any CPU
		{00A69BAD-2DAF-44FE-86C0-F6E74CC91E14}.Release|Any CPU.Build.0 = Release|Any CPU
		{5A9361BB-9697-4CB4-B566-DCDF0395CE22}.Debug|Any CPU.ActiveCfg = Debug|Any CPU
		{5A9361BB-9697-4CB4-B566-DCDF0395CE22}.Debug|Any CPU.Build.0 = Debug|Any CPU
		{5A9361BB-9697-4CB4-B566-DCDF0395CE22}.Release|Any CPU.ActiveCfg = Release|Any CPU
		{5A9361BB-9697-4CB4-B566-DCDF0395CE22}.Release|Any CPU.Build.0 = Release|Any CPU
		{2E70ADE5-BECD-46EF-A8DE-D89A15D2257C}.Debug|Any CPU.ActiveCfg = Debug|Any CPU
		{2E70ADE5-BECD-46EF-A8DE-D89A15D2257C}.Debug|Any CPU.Build.0 = Debug|Any CPU
		{2E70ADE5-BECD-46EF-A8DE-D89A15D2257C}.Release|Any CPU.ActiveCfg = Release|Any CPU
		{2E70ADE5-BECD-46EF-A8DE-D89A15D2257C}.Release|Any CPU.Build.0 = Release|Any CPU
		{8A0AA598-3734-488C-8DD6-DC86B98EEDCB}.Debug|Any CPU.ActiveCfg = Debug|Any CPU
		{8A0AA598-3734-488C-8DD6-DC86B98EEDCB}.Debug|Any CPU.Build.0 = Debug|Any CPU
		{8A0AA598-3734-488C-8DD6-DC86B98EEDCB}.Release|Any CPU.ActiveCfg = Release|Any CPU
		{8A0AA598-3734-488C-8DD6-DC86B98EEDCB}.Release|Any CPU.Build.0 = Release|Any CPU
		{89800F81-0D9B-49E4-B064-272F8F693A89}.Debug|Any CPU.ActiveCfg = Debug|Any CPU
		{89800F81-0D9B-49E4-B064-272F8F693A89}.Debug|Any CPU.Build.0 = Debug|Any CPU
		{89800F81-0D9B-49E4-B064-272F8F693A89}.Release|Any CPU.ActiveCfg = Release|Any CPU
		{89800F81-0D9B-49E4-B064-272F8F693A89}.Release|Any CPU.Build.0 = Release|Any CPU
		{DE764A17-A87D-4762-AC66-71944B710FC1}.Debug|Any CPU.ActiveCfg = Debug|Any CPU
		{DE764A17-A87D-4762-AC66-71944B710FC1}.Debug|Any CPU.Build.0 = Debug|Any CPU
		{DE764A17-A87D-4762-AC66-71944B710FC1}.Release|Any CPU.ActiveCfg = Release|Any CPU
		{DE764A17-A87D-4762-AC66-71944B710FC1}.Release|Any CPU.Build.0 = Release|Any CPU
		{FE0D776C-C71D-459E-B5E6-69A7A3B31008}.Debug|Any CPU.ActiveCfg = Debug|Any CPU
		{FE0D776C-C71D-459E-B5E6-69A7A3B31008}.Debug|Any CPU.Build.0 = Debug|Any CPU
		{FE0D776C-C71D-459E-B5E6-69A7A3B31008}.Release|Any CPU.ActiveCfg = Release|Any CPU
		{FE0D776C-C71D-459E-B5E6-69A7A3B31008}.Release|Any CPU.Build.0 = Release|Any CPU
		{38A61757-FFAA-4DD7-840B-3084B28893F5}.Debug|Any CPU.ActiveCfg = Debug|Any CPU
		{38A61757-FFAA-4DD7-840B-3084B28893F5}.Debug|Any CPU.Build.0 = Debug|Any CPU
		{38A61757-FFAA-4DD7-840B-3084B28893F5}.Release|Any CPU.ActiveCfg = Release|Any CPU
		{38A61757-FFAA-4DD7-840B-3084B28893F5}.Release|Any CPU.Build.0 = Release|Any CPU
		{830CA6BF-F305-4C66-9E78-17DBDF5C12A5}.Debug|Any CPU.ActiveCfg = Debug|Any CPU
		{830CA6BF-F305-4C66-9E78-17DBDF5C12A5}.Debug|Any CPU.Build.0 = Debug|Any CPU
		{830CA6BF-F305-4C66-9E78-17DBDF5C12A5}.Release|Any CPU.ActiveCfg = Release|Any CPU
		{830CA6BF-F305-4C66-9E78-17DBDF5C12A5}.Release|Any CPU.Build.0 = Release|Any CPU
	EndGlobalSection
	GlobalSection(SolutionProperties) = preSolution
		HideSolutionNode = FALSE
	EndGlobalSection
	GlobalSection(ExtensibilityGlobals) = postSolution
		SolutionGuid = {7B13EB19-8942-4307-B99B-E6183651F0AB}
	EndGlobalSection
EndGlobal
